dependencies:
- name: postgresql
  repository: file://charts/postgresql
  version: 0.1.0
- name: hydra
  repository: file://charts/hydra
  version: 0.1.0
- name: nats
  repository: file://charts/nats
  version: 0.1.0
- name: neo4j
  repository: file://charts/neo4j
  version: 0.1.0
- name: federated-catalogue
  repository: file://charts/federated-catalogue
  version: 0.1.0
- name: ocm-w
  repository: file://charts/ocm-w
  version: 0.1.0
digest: sha256:96f95a92ca51f4445af9ce76a44b8aa3ce6a64864f0c5f32e1c7690e30f6523b
generated: "2026-04-20T17:52:16.432059835+02:00"
